
Microsoft Visual Studio Solution File, Format Version 12.00
# Visual Studio Version 17
VisualStudioVersion = 17.4.33110.190
MinimumVisualStudioVersion = 10.0.40219.1
Project("{FAE04EC0-301F-11D3-BF4B-00C04F79EFBC}") = "ClinicManager", "ClinicManager\ClinicManager.csproj", "{6A439726-58E3-4F89-83C9-6D99001EA151}"
EndProject
Global
	GlobalSection(SolutionConfigurationPlatforms) = preSolution
		Debug|Any CPU = Debug|Any CPU
		Release|Any CPU = Release|Any CPU
	EndGlobalSection
	GlobalSection(ProjectConfigurationPlatforms) = postSolution
		{6A439726-58E3-4F89-83C9-6D99001EA151}.Debug|Any CPU.ActiveCfg = Debug|Any CPU
		{6A439726-58E3-4F89-83C9-6D99001EA151}.Debug|Any CPU.Build.0 = Debug|Any CPU
		{6A439726-58E3-4F89-83C9-6D99001EA151}.Release|Any CPU.ActiveCfg = Release|Any CPU
		{6A439726-58E3-4F89-83C9-6D99001EA151}.Release|Any CPU.Build.0 = Release|Any CPU
	EndGlobalSection
	GlobalSection(SolutionProperties) = preSolution
		HideSolutionNode = FALSE
	EndGlobalSection
	GlobalSection(ExtensibilityGlobals) = postSolution
		SolutionGuid = {5C064620-EFD9-4A1D-AB12-3B3C33A1D471}
	EndGlobalSection
EndGlobal
